Microsoft Visual Studio Solution File, Format Version 12.00
# Visual Studio 14
VisualStudioVersion = 14.0.25420.1
MinimumVisualStudioVersion = 10.0.40219.1
Project("{FAE04EC0-301F-11D3-BF4B-00C04F79EFBC}") = "ProjectSourceBackupTool", "sourceBackup\ProjectSourceBackupTool.csproj", "{265A1F96-863E-44E9-B273-C0790B7A1B66}"
EndProject
Project("{54435603-DBB4-11D2-8724-00A0C9A8B90C}") = "ProjectSourceBackupToolSetup", "sourceBackupSetup\ProjectSourceBackupToolSetup.vdproj", "{32356CFA-5253-40AD-9395-7246BB3E994D}"
EndProject
Global
	GlobalSection(SolutionConfigurationPlatforms) = preSolution
		Debug|Any CPU = Debug|Any CPU
		Release|Any CPU = Release|Any CPU
		Description = Compresses source code into single file for backup purposes.
	EndGlobalSection
	GlobalSection(ProjectConfigurationPlatforms) = postSolution
		{265A1F96-863E-44E9-B273-C0790B7A1B66}.Debug|Any CPU.ActiveCfg = Debug|Any CPU
		{265A1F96-863E-44E9-B273-C0790B7A1B66}.Debug|Any CPU.Build.0 = Debug|Any CPU
		{265A1F96-863E-44E9-B273-C0790B7A1B66}.Release|Any CPU.ActiveCfg = Release|Any CPU
		{265A1F96-863E-44E9-B273-C0790B7A1B66}.Release|Any CPU.Build.0 = Release|Any CPU
		{32356CFA-5253-40AD-9395-7246BB3E994D}.Debug|Any CPU.ActiveCfg = Debug
		{32356CFA-5253-40AD-9395-7246BB3E994D}.Release|Any CPU.ActiveCfg = Release
		{32356CFA-5253-40AD-9395-7246BB3E994D}.Release|Any CPU.Build.0 = Release
	EndGlobalSection
	GlobalSection(SolutionProperties) = preSolution
		HideSolutionNode = FALSE
	EndGlobalSection
EndGlobal
